
Microsoft Visual Studio Solution File, Format Version 12.00
# Visual Studio Version 16
VisualStudioVersion = 16.0.30104.148
MinimumVisualStudioVersion = 10.0.40219.1
Project("{FAE04EC0-301F-11D3-BF4B-00C04F79EFBC}") = "FileSystemTest", "FileSystemTest\FileSystemTest.csproj", "{4980D9E0-51F1-49F4-920E-9873F62B8241}"
EndProject
Global
	GlobalSection(SolutionConfigurationPlatforms) = preSolution
		Debug|Any CPU = Debug|Any CPU
		Release|Any CPU = Release|Any CPU
	EndGlobalSection
	GlobalSection(ProjectConfigurationPlatforms) = postSolution
		{4980D9E0-51F1-49F4-920E-9873F62B8241}.Debug|Any CPU.ActiveCfg = Debug|Any CPU
		{4980D9E0-51F1-49F4-920E-9873F62B8241}.Debug|Any CPU.Build.0 = Debug|Any CPU
		{4980D9E0-51F1-49F4-920E-9873F62B8241}.Release|Any CPU.ActiveCfg = Release|Any CPU
		{4980D9E0-51F1-49F4-920E-9873F62B8241}.Release|Any CPU.Build.0 = Release|Any CPU
	EndGlobalSection
	GlobalSection(SolutionProperties) = preSolution
		HideSolutionNode = FALSE
	EndGlobalSection
	GlobalSection(ExtensibilityGlobals) = postSolution
		SolutionGuid = {54C52971-2B34-4036-B828-5127D37828A9}
	EndGlobalSection
EndGlobal
